// !$*UTF8*$!
{
	archiveVersion = 1;
	classes = {
	};
	objectVersion = 46;
	objects = {

/* Begin PBXBuildFile section */
		112AF6731A52BCF7004D9740 /* main.m in Sources */ = {isa = PBXBuildFile; fileRef = 112AF6721A52BCF7004D9740 /* main.m */; };
		112AF6761A52BCF7004D9740 /* AppDelegate.m in Sources */ = {isa = PBXBuildFile; fileRef = 112AF6751A52BCF7004D9740 /* AppDelegate.m */; };
		112AF6791A52BCF7004D9740 /* ViewController.m in Sources */ = {isa = PBXBuildFile; fileRef = 112AF6781A52BCF7004D9740 /* ViewController.m */; };
		112AF67C1A52BCF7004D9740 /* Main.storyboard in Resources */ = {isa = PBXBuildFile; fileRef = 112AF67A1A52BCF7004D9740 /* Main.storyboard */; };
		112AF67E1A52BCF7004D9740 /* Images.xcassets in Resources */ = {isa = PBXBuildFile; fileRef = 112AF67D1A52BCF7004D9740 /* Images.xcassets */; };
		112AF6811A52BCF7004D9740 /* LaunchScreen.xib in Resources */ = {isa = PBXBuildFile; fileRef = 112AF67F1A52BCF7004D9740 /* LaunchScreen.xib */; };
		112AF68D1A52BCF7004D9740 /* tipcalculatorTests.m in Sources */ = {isa = PBXBuildFile; fileRef = 112AF68C1A52BCF7004D9740 /* tipcalculatorTests.m */; };
		112AF6991A52BE09004D9740 /* TipViewController.m in Sources */ = {isa = PBXBuildFile; fileRef = 112AF6971A52BE09004D9740 /* TipViewController.m */; };
		112AF69A1A52BE09004D9740 /* TipViewController.xib in Resources */ = {isa = PBXBuildFile; fileRef = 112AF6981A52BE09004D9740 /* TipViewController.xib */; };
		112AF6A11A52CBD3004D9740 /* SettingsViewController.m in Sources */ = {isa = PBXBuildFile; fileRef = 112AF69F1A52CBD3004D9740 /* SettingsViewController.m */; };
		112AF6A21A52CBD3004D9740 /* SettingsViewController.xib in Resources */ = {isa = PBXBuildFile; fileRef = 112AF6A01A52CBD3004D9740 /* SettingsViewController.xib */; };
/* End PBXBuildFile section */

/* Begin PBXContainerItemProxy section */
		112AF6871A52BCF7004D9740 /* PBXContainerItemProxy */ = {
			isa = PBXContainerItemProxy;
			containerPortal = 112AF6651A52BCF7004D9740 /* Project object */;
			proxyType = 1;
			remoteGlobalIDString = 112AF66C1A52BCF7004D9740;
			remoteInfo = tipcalculator;
		};
/* End PBXContainerItemProxy section */

/* Begin PBXFileReference section */
		112AF66D1A52BCF7004D9740 /* tipcalculator.app */ = {isa = PBXFileReference; explicitFileType = wrapper.application; includeInIndex = 0; path = tipcalculator.app; sourceTree = BUILT_PRODUCTS_DIR; };
		112AF6711A52BCF7004D9740 /* Info.plist */ = {isa = PBXFileReference; lastKnownFileType = text.plist.xml; path = Info.plist; sourceTree = "<group>"; };
		112AF6721A52BCF7004D9740 /* main.m */ = {isa = PBXFileReference; lastKnownFileType = sourcecode.c.objc; path = main.m; sourceTree = "<group>"; };
		112AF6741A52BCF7004D9740 /* AppDelegate.h */ = {isa = PBXFileReference; lastKnownFileType = sourcecode.c.h; path = AppDelegate.h; sourceTree = "<group>"; };
		112AF6751A52BCF7004D9740 /* AppDelegate.m */ = {isa = PBXFileReference; lastKnownFileType = sourcecode.c.objc; path = AppDelegate.m; sourceTree = "<group>"; };
		112AF6771A52BCF7004D9740 /* ViewController.h */ = {isa = PBXFileReference; lastKnownFileType = sourcecode.c.h; path = ViewController.h; sourceTree = "<group>"; };
		112AF6781A52BCF7004D9740 /* ViewController.m */ = {isa = PBXFileReference; lastKnownFileType = sourcecode.c.objc; path = ViewController.m; sourceTree = "<group>"; };
		112AF67B1A52BCF7004D9740 /* Base */ = {isa = PBXFileReference; lastKnownFileType = file.storyboard; name = Base; path = Base.lproj/Main.storyboard; sourceTree = "<group>"; };
		112AF67D1A52BCF7004D9740 /* Images.xcassets */ = {isa = PBXFileReference; lastKnownFileType = folder.assetcatalog; path = Images.xcassets; sourceTree = "<group>"; };
		112AF6801A52BCF7004D9740 /* Base */ = {isa = PBXFileReference; lastKnownFileType = file.xib; name = Base; path = Base.lproj/LaunchScreen.xib; sourceTree = "<group>"; };
		112AF6861A52BCF7004D9740 /* tipcalculatorTests.xctest */ = {isa = PBXFileReference; explicitFileType = wrapper.cfbundle; includeInIndex = 0; path = tipcalculatorTests.xctest; sourceTree = BUILT_PRODUCTS_DIR; };
		112AF68B1A52BCF7004D9740 /* Info.plist */ = {isa = PBXFileReference; lastKnownFileType = text.plist.xml; path = Info.plist; sourceTree = "<group>"; };
		112AF68C1A52BCF7004D9740 /* tipcalculatorTests.m */ = {isa = PBXFileReference; lastKnownFileType = sourcecode.c.objc; path = tipcalculatorTests.m; sourceTree = "<group>"; };
		112AF6961A52BE09004D9740 /* TipViewController.h */ = {isa = PBXFileReference; fileEncoding = 4; lastKnownFileType = sourcecode.c.h; path = TipViewController.h; sourceTree = "<group>"; };
		112AF6971A52BE09004D9740 /* TipViewController.m */ = {isa = PBXFileReference; fileEncoding = 4; lastKnownFileType = sourcecode.c.objc; path = TipViewController.m; sourceTree = "<group>"; };
		112AF6981A52BE09004D9740 /* TipViewController.xib */ = {isa = PBXFileReference; fileEncoding = 4; lastKnownFileType = file.xib; path = TipViewController.xib; sourceTree = "<group>"; };
		112AF69E1A52CBD3004D9740 /* SettingsViewController.h */ = {isa = PBXFileReference; fileEncoding = 4; lastKnownFileType = sourcecode.c.h; path = SettingsViewController.h; sourceTree = "<group>"; };
		112AF69F1A52CBD3004D9740 /* SettingsViewController.m */ = {isa = PBXFileReference; fileEncoding = 4; lastKnownFileType = sourcecode.c.objc; path = SettingsViewController.m; sourceTree = "<group>"; };
		112AF6A01A52CBD3004D9740 /* SettingsViewController.xib */ = {isa = PBXFileReference; fileEncoding = 4; lastKnownFileType = file.xib; path = SettingsViewController.xib; sourceTree = "<group>"; };
/* End PBXFileReference section */

/* Begin PBXFrameworksBuildPhase section */
		112AF66A1A52BCF7004D9740 /* Frameworks */ = {
			isa = PBXFrameworksBuildPhase;
			buildActionMask = 2147483647;
			files = (
			);
			runOnlyForDeploymentPostprocessing = 0;
		};
		112AF6831A52BCF7004D9740 /* Frameworks */ = {
			isa = PBXFrameworksBuildPhase;
			buildActionMask = 2147483647;
			files = (
			);
			runOnlyForDeploymentPostprocessing = 0;
		};
/* End PBXFrameworksBuildPhase section */

/* Begin PBXGroup section */
		112AF6641A52BCF7004D9740 = {
			isa = PBXGroup;
			children = (
				112AF66F1A52BCF7004D9740 /* tipcalculator */,
				112AF6891A52BCF7004D9740 /* tipcalculatorTests */,
				112AF66E1A52BCF7004D9740 /* Products */,
			);
			sourceTree = "<group>";
		};
		112AF66E1A52BCF7004D9740 /* Products */ = {
			isa = PBXGroup;
			children = (
				112AF66D1A52BCF7004D9740 /* tipcalculator.app */,
				112AF6861A52BCF7004D9740 /* tipcalculatorTests.xctest */,
			);
			name = Products;
			sourceTree = "<group>";
		};
		112AF66F1A52BCF7004D9740 /* tipcalculator */ = {
			isa = PBXGroup;
			children = (
				112AF6741A52BCF7004D9740 /* AppDelegate.h */,
				112AF6751A52BCF7004D9740 /* AppDelegate.m */,
				112AF6771A52BCF7004D9740 /* ViewController.h */,
				112AF6781A52BCF7004D9740 /* ViewController.m */,
				112AF67A1A52BCF7004D9740 /* Main.storyboard */,
				112AF67D1A52BCF7004D9740 /* Images.xcassets */,
				112AF67F1A52BCF7004D9740 /* LaunchScreen.xib */,
				112AF6701A52BCF7004D9740 /* Supporting Files */,
				112AF6961A52BE09004D9740 /* TipViewController.h */,
				112AF6971A52BE09004D9740 /* TipViewController.m */,
				112AF6981A52BE09004D9740 /* TipViewController.xib */,
				112AF69E1A52CBD3004D9740 /* SettingsViewController.h */,
				112AF69F1A52CBD3004D9740 /* SettingsViewController.m */,
				112AF6A01A52CBD3004D9740 /* SettingsViewController.xib */,
			);
			path = tipcalculator;
			sourceTree = "<group>";
		};
		112AF6701A52BCF7004D9740 /* Supporting Files */ = {
			isa = PBXGroup;
			children = (
				112AF6711A52BCF7004D9740 /* Info.plist */,
				112AF6721A52BCF7004D9740 /* main.m */,
			);
			name = "Supporting Files";
			sourceTree = "<group>";
		};
		112AF6891A52BCF7004D9740 /* tipcalculatorTests */ = {
			isa = PBXGroup;
			children = (
				112AF68C1A52BCF7004D9740 /* tipcalculatorTests.m */,
				112AF68A1A52BCF7004D9740 /* Supporting Files */,
			);
			path = tipcalculatorTests;
			sourceTree = "<group>";
		};
		112AF68A1A52BCF7004D9740 /* Supporting Files */ = {
			isa = PBXGroup;
			children = (
				112AF68B1A52BCF7004D9740 /* Info.plist */,
			);
			name = "Supporting Files";
			sourceTree = "<group>";
		};
/* End PBXGroup section */

/* Begin PBXNativeTarget section */
		112AF66C1A52BCF7004D9740 /* tipcalculator */ = {
			isa = PBXNativeTarget;
			buildConfigurationList = 112AF6901A52BCF8004D9740 /* Build configuration list for PBXNativeTarget "tipcalculator" */;
			buildPhases = (
				112AF6691A52BCF7004D9740 /* Sources */,
				112AF66A1A52BCF7004D9740 /* Frameworks */,
				112AF66B1A52BCF7004D9740 /* Resources */,
			);
			buildRules = (
			);
			dependencies = (
			);
			name = tipcalculator;
			productName = tipcalculator;
			productReference = 112AF66D1A52BCF7004D9740 /* tipcalculator.app */;
			productType = "com.apple.product-type.application";
		};
		112AF6851A52BCF7004D9740 /* tipcalculatorTests */ = {
			isa = PBXNativeTarget;
			buildConfigurationList = 112AF6931A52BCF8004D9740 /* Build configuration list for PBXNativeTarget "tipcalculatorTests" */;
			buildPhases = (
				112AF6821A52BCF7004D9740 /* Sources */,
				112AF6831A52BCF7004D9740 /* Frameworks */,
				112AF6841A52BCF7004D9740 /* Resources */,
			);
			buildRules = (
			);
			dependencies = (
				112AF6881A52BCF7004D9740 /* PBXTargetDependency */,
			);
			name = tipcalculatorTests;
			productName = tipcalculatorTests;
			productReference = 112AF6861A52BCF7004D9740 /* tipcalculatorTests.xctest */;
			productType = "com.apple.product-type.bundle.unit-test";
		};
/* End PBXNativeTarget section */

/* Begin PBXProject section */
		112AF6651A52BCF7004D9740 /* Project object */ = {
			isa = PBXProject;
			attributes = {
				LastUpgradeCheck = 0610;
				ORGANIZATIONNAME = "Helen Kuo";
				TargetAttributes = {
					112AF66C1A52BCF7004D9740 = {
						CreatedOnToolsVersion = 6.1.1;
					};
					112AF6851A52BCF7004D9740 = {
						CreatedOnToolsVersion = 6.1.1;
						TestTargetID = 112AF66C1A52BCF7004D9740;
					};
				};
			};
			buildConfigurationList = 112AF6681A52BCF7004D9740 /* Build configuration list for PBXProject "tipcalculator" */;
			compatibilityVersion = "Xcode 3.2";
			developmentRegion = English;
			hasScannedForEncodings = 0;
			knownRegions = (
				en,
				Base,
			);
			mainGroup = 112AF6641A52BCF7004D9740;
			productRefGroup = 112AF66E1A52BCF7004D9740 /* Products */;
			projectDirPath = "";
			projectRoot = "";
			targets = (
				112AF66C1A52BCF7004D9740 /* tipcalculator */,
				112AF6851A52BCF7004D9740 /* tipcalculatorTests */,
			);
		};
/* End PBXProject section */

/* Begin PBXResourcesBuildPhase section */
		112AF66B1A52BCF7004D9740 /* Resources */ = {
			isa = PBXResourcesBuildPhase;
			buildActionMask = 2147483647;
			files = (
				112AF67C1A52BCF7004D9740 /* Main.storyboard in Resources */,
				112AF6811A52BCF7004D9740 /* LaunchScreen.xib in Resources */,
				112AF69A1A52BE09004D9740 /* TipViewController.xib in Resources */,
				112AF67E1A52BCF7004D9740 /* Images.xcassets in Resources */,
				112AF6A21A52CBD3004D9740 /* SettingsViewController.xib in Resources */,
			);
			runOnlyForDeploymentPostprocessing = 0;
		};
		112AF6841A52BCF7004D9740 /* Resources */ = {
			isa = PBXResourcesBuildPhase;
			buildActionMask = 2147483647;
			files = (
			);
			runOnlyForDeploymentPostprocessing = 0;
		};
/* End PBXResourcesBuildPhase section */

/* Begin PBXSourcesBuildPhase section */
		112AF6691A52BCF7004D9740 /* Sources */ = {
			isa = PBXSourcesBuildPhase;
			buildActionMask = 2147483647;
			files = (
				112AF6791A52BCF7004D9740 /* ViewController.m in Sources */,
				112AF6761A52BCF7004D9740 /* AppDelegate.m in Sources */,
				112AF6A11A52CBD3004D9740 /* SettingsViewController.m in Sources */,
				112AF6991A52BE09004D9740 /* TipViewController.m in Sources */,
				112AF6731A52BCF7004D9740 /* main.m in Sources */,
			);
			runOnlyForDeploymentPostprocessing = 0;
		};
		112AF6821A52BCF7004D9740 /* Sources */ = {
			isa = PBXSourcesBuildPhase;
			buildActionMask = 2147483647;
			files = (
				112AF68D1A52BCF7004D9740 /* tipcalculatorTests.m in Sources */,
			);
			runOnlyForDeploymentPostprocessing = 0;
		};
/* End PBXSourcesBuildPhase section */

/* Begin PBXTargetDependency section */
		112AF6881A52BCF7004D9740 /* PBXTargetDependency */ = {
			isa = PBXTargetDependency;
			target = 112AF66C1A52BCF7004D9740 /* tipcalculator */;
			targetProxy = 112AF6871A52BCF7004D9740 /* PBXContainerItemProxy */;
		};
/* End PBXTargetDependency section */

/* Begin PBXVariantGroup section */
		112AF67A1A52BCF7004D9740 /* Main.storyboard */ = {
			isa = PBXVariantGroup;
			children = (
				112AF67B1A52BCF7004D9740 /* Base */,
			);
			name = Main.storyboard;
			sourceTree = "<group>";
		};
		112AF67F1A52BCF7004D9740 /* LaunchScreen.xib */ = {
			isa = PBXVariantGroup;
			children = (
				112AF6801A52BCF7004D9740 /* Base */,
			);
			name = LaunchScreen.xib;
			sourceTree = "<group>";
		};
/* End PBXVariantGroup section */

/* Begin XCBuildConfiguration section */
		112AF68E1A52BCF7004D9740 /* Debug */ = {
			isa = XCBuildConfiguration;
			buildSettings = {
				ALWAYS_SEARCH_USER_PATHS = NO;
				CLANG_CXX_LANGUAGE_STANDARD = "gnu++0x";
				CLANG_CXX_LIBRARY = "libc++";
				CLANG_ENABLE_MODULES = YES;
				CLANG_ENABLE_OBJC_ARC = YES;
				CLANG_WARN_BOOL_CONVERSION = YES;
				CLANG_WARN_CONSTANT_CONVERSION = YES;
				CLANG_WARN_DIRECT_OBJC_ISA_USAGE = YES_ERROR;
				CLANG_WARN_EMPTY_BODY = YES;
				CLANG_WARN_ENUM_CONVERSION = YES;
				CLANG_WARN_INT_CONVERSION = YES;
				CLANG_WARN_OBJC_ROOT_CLASS = YES_ERROR;
				CLANG_WARN_UNREACHABLE_CODE = YES;
				CLANG_WARN__DUPLICATE_METHOD_MATCH = YES;
				"CODE_SIGN_IDENTITY[sdk=iphoneos*]" = "iPhone Developer";
				COPY_PHASE_STRIP = NO;
				ENABLE_STRICT_OBJC_MSGSEND = YES;
				GCC_C_LANGUAGE_STANDARD = gnu99;
				GCC_DYNAMIC_NO_PIC = NO;
				GCC_OPTIMIZATION_LEVEL = 0;
				GCC_PREPROCESSOR_DEFINITIONS = (
					"DEBUG=1",
					"$(inherited)",
				);
				GCC_SYMBOLS_PRIVATE_EXTERN = NO;
				GCC_WARN_64_TO_32_BIT_CONVERSION = YES;
				GCC_WARN_ABOUT_RETURN_TYPE = YES_ERROR;
				GCC_WARN_UNDECLARED_SELECTOR = YES;
				GCC_WARN_UNINITIALIZED_AUTOS = YES_AGGRESSIVE;
				GCC_WARN_UNUSED_FUNCTION = YES;
				GCC_WARN_UNUSED_VARIABLE = YES;
				IPHONEOS_DEPLOYMENT_TARGET = 8.1;
				MTL_ENABLE_DEBUG_INFO = YES;
				ONLY_ACTIVE_ARCH = YES;
				SDKROOT = iphoneos;
			};
			name = Debug;
		};
		112AF68F1A52BCF7004D9740 /* Release */ = {
			isa = XCBuildConfiguration;
			buildSettings = {
				ALWAYS_SEARCH_USER_PATHS = NO;
				CLANG_CXX_LANGUAGE_STANDARD = "gnu++0x";
				CLANG_CXX_LIBRARY = "libc++";
				CLANG_ENABLE_MODULES = YES;
				CLANG_ENABLE_OBJC_ARC = YES;
				CLANG_WARN_BOOL_CONVERSION = YES;
				CLANG_WARN_CONSTANT_CONVERSION = YES;
				CLANG_WARN_DIRECT_OBJC_ISA_USAGE = YES_ERROR;
				CLANG_WARN_EMPTY_BODY = YES;
				CLANG_WARN_ENUM_CONVERSION = YES;
				CLANG_WARN_INT_CONVERSION = YES;
				CLANG_WARN_OBJC_ROOT_CLASS = YES_ERROR;
				CLANG_WARN_UNREACHABLE_CODE = YES;
				CLANG_WARN__DUPLICATE_METHOD_MATCH = YES;
				"CODE_SIGN_IDENTITY[sdk=iphoneos*]" = "iPhone Developer";
				COPY_PHASE_STRIP = YES;
				ENABLE_NS_ASSERTIONS = NO;
				ENABLE_STRICT_OBJC_MSGSEND = YES;
				GCC_C_LANGUAGE_STANDARD = gnu99;
				GCC_WARN_64_TO_32_BIT_CONVERSION = YES;
				GCC_WARN_ABOUT_RETURN_TYPE = YES_ERROR;
				GCC_WARN_UNDECLARED_SELECTOR = YES;
				GCC_WARN_UNINITIALIZED_AUTOS = YES_AGGRESSIVE;
				GCC_WARN_UNUSED_FUNCTION = YES;
				GCC_WARN_UNUSED_VARIABLE = YES;
				IPHONEOS_DEPLOYMENT_TARGET = 8.1;
				MTL_ENABLE_DEBUG_INFO = NO;
				SDKROOT = iphoneos;
				VALIDATE_PRODUCT = YES;
			};
			name = Release;
		};
		112AF6911A52BCF8004D9740 /* Debug */ = {
			isa = XCBuildConfiguration;
			buildSettings = {
				ASSETCATALOG_COMPILER_APPICON_NAME = AppIcon;
				INFOPLIST_FILE = tipcalculator/Info.plist;
				IPHONEOS_DEPLOYMENT_TARGET = 8.1;
				LD_RUNPATH_SEARCH_PATHS = "$(inherited) @executable_path/Frameworks";
				PRODUCT_NAME = "$(TARGET_NAME)";
			};
			name = Debug;
		};
		112AF6921A52BCF8004D9740 /* Release */ = {
			isa = XCBuildConfiguration;
			buildSettings = {
				ASSETCATALOG_COMPILER_APPICON_NAME = AppIcon;
				INFOPLIST_FILE = tipcalculator/Info.plist;
				IPHONEOS_DEPLOYMENT_TARGET = 8.1;
				LD_RUNPATH_SEARCH_PATHS = "$(inherited) @executable_path/Frameworks";
				PRODUCT_NAME = "$(TARGET_NAME)";
			};
			name = Release;
		};
		112AF6941A52BCF8004D9740 /* Debug */ = {
			isa = XCBuildConfiguration;
			buildSettings = {
				BUNDLE_LOADER = "$(TEST_HOST)";
				FRAMEWORK_SEARCH_PATHS = (
					"$(SDKROOT)/Developer/Library/Frameworks",
					"$(inherited)",
				);
				GCC_PREPROCESSOR_DEFINITIONS = (
					"DEBUG=1",
					"$(inherited)",
				);
				INFOPLIST_FILE = tipcalculatorTests/Info.plist;
				LD_RUNPATH_SEARCH_PATHS = "$(inherited) @executable_path/Frameworks @loader_path/Frameworks";
				PRODUCT_NAME = "$(TARGET_NAME)";
				TEST_HOST = "$(BUILT_PRODUCTS_DIR)/tipcalculator.app/tipcalculator";
			};
			name = Debug;
		};
		112AF6951A52BCF8004D9740 /* Release */ = {
			isa = XCBuildConfiguration;
			buildSettings = {
				BUNDLE_LOADER = "$(TEST_HOST)";
				FRAMEWORK_SEARCH_PATHS = (
					"$(SDKROOT)/Developer/Library/Frameworks",
					"$(inherited)",
				);
				INFOPLIST_FILE = tipcalculatorTests/Info.plist;
				LD_RUNPATH_SEARCH_PATHS = "$(inherited) @executable_path/Frameworks @loader_path/Frameworks";
				PRODUCT_NAME = "$(TARGET_NAME)";
				TEST_HOST = "$(BUILT_PRODUCTS_DIR)/tipcalculator.app/tipcalculator";
			};
			name = Release;
		};
/* End XCBuildConfiguration section */

/* Begin XCConfigurationList section */
		112AF6681A52BCF7004D9740 /* Build configuration list for PBXProject "tipcalculator" */ = {
			isa = XCConfigurationList;
			buildConfigurations = (
				112AF68E1A52BCF7004D9740 /* Debug */,
				112AF68F1A52BCF7004D9740 /* Release */,
			);
			defaultConfigurationIsVisible = 0;
			defaultConfigurationName = Release;
		};
		112AF6901A52BCF8004D9740 /* Build configuration list for PBXNativeTarget "tipcalculator" */ = {
			isa = XCConfigurationList;
			buildConfigurations = (
				112AF6911A52BCF8004D9740 /* Debug */,
				112AF6921A52BCF8004D9740 /* Release */,
			);
			defaultConfigurationIsVisible = 0;
			defaultConfigurationName = Release;
		};
		112AF6931A52BCF8004D9740 /* Build configuration list for PBXNativeTarget "tipcalculatorTests" */ = {
			isa = XCConfigurationList;
			buildConfigurations = (
				112AF6941A52BCF8004D9740 /* Debug */,
				112AF6951A52BCF8004D9740 /* Release */,
			);
			defaultConfigurationIsVisible = 0;
			defaultConfigurationName = Release;
		};
/* End XCConfigurationList section */
	};
	rootObject = 112AF6651A52BCF7004D9740 /* Project object */;
}
